
Microsoft Visual Studio Solution File, Format Version 12.00
# Visual Studio Version 16
VisualStudioVersion = 16.0.30225.117
MinimumVisualStudioVersion = 10.0.40219.1
Project("{FAE04EC0-301F-11D3-BF4B-00C04F79EFBC}") = "AspNetCoreDataFederation", "AspNetCoreDataFederation\AspNetCoreDataFederation.csproj", "{11306F61-F8B9-48E9-BE57-1E7EB3AC7BFE}"
EndProject
Global
	GlobalSection(SolutionConfigurationPlatforms) = preSolution
		Debug|Any CPU = Debug|Any CPU
		Release|Any CPU = Release|Any CPU
	EndGlobalSection
	GlobalSection(ProjectConfigurationPlatforms) = postSolution
		{11306F61-F8B9-48E9-BE57-1E7EB3AC7BFE}.Debug|Any CPU.ActiveCfg = Debug|Any CPU
		{11306F61-F8B9-48E9-BE57-1E7EB3AC7BFE}.Debug|Any CPU.Build.0 = Debug|Any CPU
		{11306F61-F8B9-48E9-BE57-1E7EB3AC7BFE}.Release|Any CPU.ActiveCfg = Release|Any CPU
		{11306F61-F8B9-48E9-BE57-1E7EB3AC7BFE}.Release|Any CPU.Build.0 = Release|Any CPU
	EndGlobalSection
	GlobalSection(SolutionProperties) = preSolution
		HideSolutionNode = FALSE
	EndGlobalSection
	GlobalSection(ExtensibilityGlobals) = postSolution
		SolutionGuid = {30609F98-4E6B-47BA-80D9-DFC25F8960EE}
	EndGlobalSection
EndGlobal
